
Microsoft Visual Studio Solution File, Format Version 12.00
# Visual Studio 2015
Project("{FAE04EC0-301F-11D3-BF4B-00C04F79EFBC}") = "Calculator Project", "Calculator Project.csproj", "{61C12B8C-2794-6762-ABC8-CF48CB2E7EE4}"
EndProject
Global
	GlobalSection(SolutionConfigurationPlatforms) = preSolution
		Debug|Any CPU = Debug|Any CPU
		Release|Any CPU = Release|Any CPU
	EndGlobalSection
	GlobalSection(ProjectConfigurationPlatforms) = postSolution
		{61C12B8C-2794-6762-ABC8-CF48CB2E7EE4}.Debug|Any CPU.ActiveCfg = Debug|Any CPU
		{61C12B8C-2794-6762-ABC8-CF48CB2E7EE4}.Debug|Any CPU.Build.0 = Debug|Any CPU
		{61C12B8C-2794-6762-ABC8-CF48CB2E7EE4}.Release|Any CPU.ActiveCfg = Release|Any CPU
		{61C12B8C-2794-6762-ABC8-CF48CB2E7EE4}.Release|Any CPU.Build.0 = Release|Any CPU
	EndGlobalSection
	GlobalSection(SolutionProperties) = preSolution
		HideSolutionNode = FALSE
	EndGlobalSection
EndGlobal
